
Microsoft Visual Studio Solution File, Format Version 12.00
# Visual Studio Version 16
VisualStudioVersion = 16.0.28803.156
MinimumVisualStudioVersion = 10.0.40219.1
Project("{FAE04EC0-301F-11D3-BF4B-00C04F79EFBC}") = "SPSqlProvider", "SPSqlProvider\SPSqlProvider.csproj", "{5A3A3537-8629-401E-B577-C7088B883D8D}"
EndProject
Global
	GlobalSection(SolutionConfigurationPlatforms) = preSolution
		Debug|Any CPU = Debug|Any CPU
		Release|Any CPU = Release|Any CPU
	EndGlobalSection
	GlobalSection(ProjectConfigurationPlatforms) = postSolution
		{5A3A3537-8629-401E-B577-C7088B883D8D}.Debug|Any CPU.ActiveCfg = Debug|Any CPU
		{5A3A3537-8629-401E-B577-C7088B883D8D}.Debug|Any CPU.Build.0 = Debug|Any CPU
		{5A3A3537-8629-401E-B577-C7088B883D8D}.Release|Any CPU.ActiveCfg = Release|Any CPU
		{5A3A3537-8629-401E-B577-C7088B883D8D}.Release|Any CPU.Build.0 = Release|Any CPU
	EndGlobalSection
	GlobalSection(SolutionProperties) = preSolution
		HideSolutionNode = FALSE
	EndGlobalSection
	GlobalSection(ExtensibilityGlobals) = postSolution
		SolutionGuid = {04E10EA1-C021-4061-AB9C-9AE6D781302E}
	EndGlobalSection
EndGlobal
